
Microsoft Visual Studio Solution File, Format Version 12.00
# Visual Studio Version 17
VisualStudioVersion = 17.13.35931.197 d17.13
MinimumVisualStudioVersion = 10.0.40219.1
Project("{00D1A9C2-B5F0-4AF3-8072-F6C62B433612}") = "POC_App", "POC_App\POC_App.sqlproj", "{7FEADF47-348B-452C-BC76-EFE71F67BEC2}"
EndProject
Global
	GlobalSection(SolutionConfigurationPlatforms) = preSolution
		Debug|Any CPU = Debug|Any CPU
		Release|Any CPU = Release|Any CPU
	EndGlobalSection
	GlobalSection(ProjectConfigurationPlatforms) = postSolution
		{7FEADF47-348B-452C-BC76-EFE71F67BEC2}.Debug|Any CPU.ActiveCfg = Debug|Any CPU
		{7FEADF47-348B-452C-BC76-EFE71F67BEC2}.Debug|Any CPU.Build.0 = Debug|Any CPU
		{7FEADF47-348B-452C-BC76-EFE71F67BEC2}.Debug|Any CPU.Deploy.0 = Debug|Any CPU
		{7FEADF47-348B-452C-BC76-EFE71F67BEC2}.Release|Any CPU.ActiveCfg = Release|Any CPU
		{7FEADF47-348B-452C-BC76-EFE71F67BEC2}.Release|Any CPU.Build.0 = Release|Any CPU
		{7FEADF47-348B-452C-BC76-EFE71F67BEC2}.Release|Any CPU.Deploy.0 = Release|Any CPU
	EndGlobalSection
	GlobalSection(SolutionProperties) = preSolution
		HideSolutionNode = FALSE
	EndGlobalSection
	GlobalSection(ExtensibilityGlobals) = postSolution
		SolutionGuid = {8A729887-5525-454A-984D-2ED24CFF6C82}
	EndGlobalSection
EndGlobal
